
Microsoft Visual Studio Solution File, Format Version 12.00
# Visual Studio Version 17
VisualStudioVersion = 17.0.31912.275
MinimumVisualStudioVersion = 10.0.40219.1
Project("{9A19103F-16F7-4668-BE54-9A1E7A4F7556}") = "advent13", "advent13.csproj", "{70694692-F513-4C89-A76F-9E4A86E38E03}"
EndProject
Global
	GlobalSection(SolutionConfigurationPlatforms) = preSolution
		Debug|Any CPU = Debug|Any CPU
		Release|Any CPU = Release|Any CPU
	EndGlobalSection
	GlobalSection(ProjectConfigurationPlatforms) = postSolution
		{70694692-F513-4C89-A76F-9E4A86E38E03}.Debug|Any CPU.ActiveCfg = Debug|Any CPU
		{70694692-F513-4C89-A76F-9E4A86E38E03}.Debug|Any CPU.Build.0 = Debug|Any CPU
		{70694692-F513-4C89-A76F-9E4A86E38E03}.Release|Any CPU.ActiveCfg = Release|Any CPU
		{70694692-F513-4C89-A76F-9E4A86E38E03}.Release|Any CPU.Build.0 = Release|Any CPU
	EndGlobalSection
	GlobalSection(SolutionProperties) = preSolution
		HideSolutionNode = FALSE
	EndGlobalSection
	GlobalSection(ExtensibilityGlobals) = postSolution
		SolutionGuid = {7F69CAF0-7EED-45FF-9066-0689125D7D03}
	EndGlobalSection
EndGlobal
