
Microsoft Visual Studio Solution File, Format Version 12.00
# Visual Studio Version 17
VisualStudioVersion = 17.0.31912.275
MinimumVisualStudioVersion = 10.0.40219.1
Project("{9A19103F-16F7-4668-BE54-9A1E7A4F7556}") = "advent01", "advent01.csproj", "{EDDD8898-30B2-4B4D-9DD0-CEE814B3EE6E}"
EndProject
Global
	GlobalSection(SolutionConfigurationPlatforms) = preSolution
		Debug|Any CPU = Debug|Any CPU
		Release|Any CPU = Release|Any CPU
	EndGlobalSection
	GlobalSection(ProjectConfigurationPlatforms) = postSolution
		{EDDD8898-30B2-4B4D-9DD0-CEE814B3EE6E}.Debug|Any CPU.ActiveCfg = Debug|Any CPU
		{EDDD8898-30B2-4B4D-9DD0-CEE814B3EE6E}.Debug|Any CPU.Build.0 = Debug|Any CPU
		{EDDD8898-30B2-4B4D-9DD0-CEE814B3EE6E}.Release|Any CPU.ActiveCfg = Release|Any CPU
		{EDDD8898-30B2-4B4D-9DD0-CEE814B3EE6E}.Release|Any CPU.Build.0 = Release|Any CPU
	EndGlobalSection
	GlobalSection(SolutionProperties) = preSolution
		HideSolutionNode = FALSE
	EndGlobalSection
	GlobalSection(ExtensibilityGlobals) = postSolution
		SolutionGuid = {CF6AC91D-4BC1-4D45-B8B2-1BA9196AFD3C}
	EndGlobalSection
EndGlobal
