
Microsoft Visual Studio Solution File, Format Version 12.00
# Visual Studio Version 17
VisualStudioVersion = 17.0.31912.275
MinimumVisualStudioVersion = 10.0.40219.1
Project("{9A19103F-16F7-4668-BE54-9A1E7A4F7556}") = "advent03", "advent03.csproj", "{61D744D5-A55E-4FE9-BDE7-996AEE09D1A2}"
EndProject
Global
	GlobalSection(SolutionConfigurationPlatforms) = preSolution
		Debug|Any CPU = Debug|Any CPU
		Release|Any CPU = Release|Any CPU
	EndGlobalSection
	GlobalSection(ProjectConfigurationPlatforms) = postSolution
		{61D744D5-A55E-4FE9-BDE7-996AEE09D1A2}.Debug|Any CPU.ActiveCfg = Debug|Any CPU
		{61D744D5-A55E-4FE9-BDE7-996AEE09D1A2}.Debug|Any CPU.Build.0 = Debug|Any CPU
		{61D744D5-A55E-4FE9-BDE7-996AEE09D1A2}.Release|Any CPU.ActiveCfg = Release|Any CPU
		{61D744D5-A55E-4FE9-BDE7-996AEE09D1A2}.Release|Any CPU.Build.0 = Release|Any CPU
	EndGlobalSection
	GlobalSection(SolutionProperties) = preSolution
		HideSolutionNode = FALSE
	EndGlobalSection
	GlobalSection(ExtensibilityGlobals) = postSolution
		SolutionGuid = {FD6972C4-FC5D-47EB-8671-4F7DDEB5E7F9}
	EndGlobalSection
EndGlobal
