
Microsoft Visual Studio Solution File, Format Version 12.00
# Visual Studio Version 17
VisualStudioVersion = 17.0.31912.275
MinimumVisualStudioVersion = 10.0.40219.1
Project("{9A19103F-16F7-4668-BE54-9A1E7A4F7556}") = "advent11", "advent11.csproj", "{83400CA9-4BA0-4C34-BC20-937DCE12A1E4}"
EndProject
Global
	GlobalSection(SolutionConfigurationPlatforms) = preSolution
		Debug|Any CPU = Debug|Any CPU
		Release|Any CPU = Release|Any CPU
	EndGlobalSection
	GlobalSection(ProjectConfigurationPlatforms) = postSolution
		{83400CA9-4BA0-4C34-BC20-937DCE12A1E4}.Debug|Any CPU.ActiveCfg = Debug|Any CPU
		{83400CA9-4BA0-4C34-BC20-937DCE12A1E4}.Debug|Any CPU.Build.0 = Debug|Any CPU
		{83400CA9-4BA0-4C34-BC20-937DCE12A1E4}.Release|Any CPU.ActiveCfg = Release|Any CPU
		{83400CA9-4BA0-4C34-BC20-937DCE12A1E4}.Release|Any CPU.Build.0 = Release|Any CPU
	EndGlobalSection
	GlobalSection(SolutionProperties) = preSolution
		HideSolutionNode = FALSE
	EndGlobalSection
	GlobalSection(ExtensibilityGlobals) = postSolution
		SolutionGuid = {9C1C7749-908B-4657-99B9-E9A0AA0878C5}
	EndGlobalSection
EndGlobal
