
Microsoft Visual Studio Solution File, Format Version 12.00
# Visual Studio Version 17
VisualStudioVersion = 17.0.31912.275
MinimumVisualStudioVersion = 10.0.40219.1
Project("{9A19103F-16F7-4668-BE54-9A1E7A4F7556}") = "advent12", "advent12.csproj", "{CADEFC9E-E28C-4852-B5AE-3715D9EED06A}"
EndProject
Global
	GlobalSection(SolutionConfigurationPlatforms) = preSolution
		Debug|Any CPU = Debug|Any CPU
		Release|Any CPU = Release|Any CPU
	EndGlobalSection
	GlobalSection(ProjectConfigurationPlatforms) = postSolution
		{CADEFC9E-E28C-4852-B5AE-3715D9EED06A}.Debug|Any CPU.ActiveCfg = Debug|Any CPU
		{CADEFC9E-E28C-4852-B5AE-3715D9EED06A}.Debug|Any CPU.Build.0 = Debug|Any CPU
		{CADEFC9E-E28C-4852-B5AE-3715D9EED06A}.Release|Any CPU.ActiveCfg = Release|Any CPU
		{CADEFC9E-E28C-4852-B5AE-3715D9EED06A}.Release|Any CPU.Build.0 = Release|Any CPU
	EndGlobalSection
	GlobalSection(SolutionProperties) = preSolution
		HideSolutionNode = FALSE
	EndGlobalSection
	GlobalSection(ExtensibilityGlobals) = postSolution
		SolutionGuid = {683A6CCF-6E40-4978-A071-4363C370C1FA}
	EndGlobalSection
EndGlobal
