
Microsoft Visual Studio Solution File, Format Version 12.00
# Visual Studio Version 17
VisualStudioVersion = 17.0.32014.148
MinimumVisualStudioVersion = 10.0.40219.1
Project("{9A19103F-16F7-4668-BE54-9A1E7A4F7556}") = "advent17", "advent17.csproj", "{11C61B73-C927-49FD-885B-BDE95EF65111}"
EndProject
Global
	GlobalSection(SolutionConfigurationPlatforms) = preSolution
		Debug|Any CPU = Debug|Any CPU
		Release|Any CPU = Release|Any CPU
	EndGlobalSection
	GlobalSection(ProjectConfigurationPlatforms) = postSolution
		{11C61B73-C927-49FD-885B-BDE95EF65111}.Debug|Any CPU.ActiveCfg = Debug|Any CPU
		{11C61B73-C927-49FD-885B-BDE95EF65111}.Debug|Any CPU.Build.0 = Debug|Any CPU
		{11C61B73-C927-49FD-885B-BDE95EF65111}.Release|Any CPU.ActiveCfg = Release|Any CPU
		{11C61B73-C927-49FD-885B-BDE95EF65111}.Release|Any CPU.Build.0 = Release|Any CPU
	EndGlobalSection
	GlobalSection(SolutionProperties) = preSolution
		HideSolutionNode = FALSE
	EndGlobalSection
	GlobalSection(ExtensibilityGlobals) = postSolution
		SolutionGuid = {A846E4A7-C830-403F-B688-FDF0346B4D49}
	EndGlobalSection
EndGlobal
