
Microsoft Visual Studio Solution File, Format Version 12.00
# Visual Studio Version 17
VisualStudioVersion = 17.0.32014.148
MinimumVisualStudioVersion = 10.0.40219.1
Project("{9A19103F-16F7-4668-BE54-9A1E7A4F7556}") = "advent22", "advent22.csproj", "{E2A76667-F084-4B15-AD12-8D56DABA8B25}"
EndProject
Global
	GlobalSection(SolutionConfigurationPlatforms) = preSolution
		Debug|Any CPU = Debug|Any CPU
		Release|Any CPU = Release|Any CPU
	EndGlobalSection
	GlobalSection(ProjectConfigurationPlatforms) = postSolution
		{E2A76667-F084-4B15-AD12-8D56DABA8B25}.Debug|Any CPU.ActiveCfg = Debug|Any CPU
		{E2A76667-F084-4B15-AD12-8D56DABA8B25}.Debug|Any CPU.Build.0 = Debug|Any CPU
		{E2A76667-F084-4B15-AD12-8D56DABA8B25}.Release|Any CPU.ActiveCfg = Release|Any CPU
		{E2A76667-F084-4B15-AD12-8D56DABA8B25}.Release|Any CPU.Build.0 = Release|Any CPU
	EndGlobalSection
	GlobalSection(SolutionProperties) = preSolution
		HideSolutionNode = FALSE
	EndGlobalSection
	GlobalSection(ExtensibilityGlobals) = postSolution
		SolutionGuid = {6E1DE59B-3ED2-4738-BA33-EF44165C5DDD}
	EndGlobalSection
EndGlobal
